// !$*UTF8*$!
{
	archiveVersion = 1;
	classes = {
	};
	objectVersion = 50;
	objects = {

/* Begin PBXBuildFile section */
		9A1701D7243BF13600ECC036 /* GFButton.swift in Sources */ = {isa = PBXBuildFile; fileRef = 9A1701D6243BF13600ECC036 /* GFButton.swift */; };
		9A1701D9243BF34500ECC036 /* GFTextField.swift in Sources */ = {isa = PBXBuildFile; fileRef = 9A1701D8243BF34500ECC036 /* GFTextField.swift */; };
		9A19EDD5244DEDDB00DA7DC1 /* UserInfoVC.swift in Sources */ = {isa = PBXBuildFile; fileRef = 9A19EDD4244DEDDB00DA7DC1 /* UserInfoVC.swift */; };
		9A19EDD7244E056C00DA7DC1 /* GFUserInfoHeaderVC.swift in Sources */ = {isa = PBXBuildFile; fileRef = 9A19EDD6244E056C00DA7DC1 /* GFUserInfoHeaderVC.swift */; };
		9A19EDD9244E05B000DA7DC1 /* GFSecondaryTitleLabel.swift in Sources */ = {isa = PBXBuildFile; fileRef = 9A19EDD8244E05B000DA7DC1 /* GFSecondaryTitleLabel.swift */; };
		9A19EDDB244E0A8F00DA7DC1 /* Constants.swift in Sources */ = {isa = PBXBuildFile; fileRef = 9A19EDDA244E0A8F00DA7DC1 /* Constants.swift */; };
		9A19EDDD244E114800DA7DC1 /* GFItemInfoView.swift in Sources */ = {isa = PBXBuildFile; fileRef = 9A19EDDC244E114800DA7DC1 /* GFItemInfoView.swift */; };
		9A19EDDF244E14FF00DA7DC1 /* GFItemInfoVC.swift in Sources */ = {isa = PBXBuildFile; fileRef = 9A19EDDE244E14FF00DA7DC1 /* GFItemInfoVC.swift */; };
		9A19EDE1244E16FC00DA7DC1 /* GFRepoItemVC.swift in Sources */ = {isa = PBXBuildFile; fileRef = 9A19EDE0244E16FC00DA7DC1 /* GFRepoItemVC.swift */; };
		9A19EDE3244E184500DA7DC1 /* GFFollowerItemVC.swift in Sources */ = {isa = PBXBuildFile; fileRef = 9A19EDE2244E184500DA7DC1 /* GFFollowerItemVC.swift */; };
		9A19EDE6244E19EF00DA7DC1 /* Date+Ext.swift in Sources */ = {isa = PBXBuildFile; fileRef = 9A19EDE5244E19EF00DA7DC1 /* Date+Ext.swift */; };
		9A19EDE8244E1A0700DA7DC1 /* String+Ext.swift in Sources */ = {isa = PBXBuildFile; fileRef = 9A19EDE7244E1A0700DA7DC1 /* String+Ext.swift */; };
		9A19EDEA244E2B0100DA7DC1 /* PersistenceManager.swift in Sources */ = {isa = PBXBuildFile; fileRef = 9A19EDE9244E2B0100DA7DC1 /* PersistenceManager.swift */; };
		9A19EDEC244E31B300DA7DC1 /* FavoriteCell.swift in Sources */ = {isa = PBXBuildFile; fileRef = 9A19EDEB244E31B300DA7DC1 /* FavoriteCell.swift */; };
		9A39996C2441F22600B6C685 /* FollowerListVC.swift in Sources */ = {isa = PBXBuildFile; fileRef = 9A39996B2441F22600B6C685 /* FollowerListVC.swift */; };
		9A39996E2441F57800B6C685 /* GFTitleLabel.swift in Sources */ = {isa = PBXBuildFile; fileRef = 9A39996D2441F57800B6C685 /* GFTitleLabel.swift */; };
		9A3999702441F65800B6C685 /* GFBodyLabel.swift in Sources */ = {isa = PBXBuildFile; fileRef = 9A39996F2441F65800B6C685 /* GFBodyLabel.swift */; };
		9A3999722441F79A00B6C685 /* GFAlertVC.swift in Sources */ = {isa = PBXBuildFile; fileRef = 9A3999712441F79A00B6C685 /* GFAlertVC.swift */; };
		9A3999742441FD7800B6C685 /* UIViewController+Ext.swift in Sources */ = {isa = PBXBuildFile; fileRef = 9A3999732441FD7800B6C685 /* UIViewController+Ext.swift */; };
		9A39998224435FA900B6C685 /* Follower.swift in Sources */ = {isa = PBXBuildFile; fileRef = 9A39998124435FA900B6C685 /* Follower.swift */; };
		9A3999842443602100B6C685 /* User.swift in Sources */ = {isa = PBXBuildFile; fileRef = 9A3999832443602100B6C685 /* User.swift */; };
		9A3999D52445195300B6C685 /* NetworkManager.swift in Sources */ = {isa = PBXBuildFile; fileRef = 9A3999D42445195300B6C685 /* NetworkManager.swift */; };
		9A399A242446719400B6C685 /* GFError.swift in Sources */ = {isa = PBXBuildFile; fileRef = 9A399A232446719400B6C685 /* GFError.swift */; };
		9A42282E24492BF400B9214E /* UIHelper.swift in Sources */ = {isa = PBXBuildFile; fileRef = 9A42282D24492BF400B9214E /* UIHelper.swift */; };
		9A422836244939F700B9214E /* GFEmptyStateView.swift in Sources */ = {isa = PBXBuildFile; fileRef = 9A422835244939F700B9214E /* GFEmptyStateView.swift */; };
		9A62C8B22438C9BB00746F07 /* AppDelegate.swift in Sources */ = {isa = PBXBuildFile; fileRef = 9A62C8B12438C9BB00746F07 /* AppDelegate.swift */; };
		9A62C8B42438C9BB00746F07 /* SceneDelegate.swift in Sources */ = {isa = PBXBuildFile; fileRef = 9A62C8B32438C9BB00746F07 /* SceneDelegate.swift */; };
		9A62C8BB2438C9C400746F07 /* Assets.xcassets in Resources */ = {isa = PBXBuildFile; fileRef = 9A62C8BA2438C9C400746F07 /* Assets.xcassets */; };
		9A62C8BE2438C9C400746F07 /* LaunchScreen.storyboard in Resources */ = {isa = PBXBuildFile; fileRef = 9A62C8BC2438C9C400746F07 /* LaunchScreen.storyboard */; };
		9A62C8C62438CE1C00746F07 /* SearchVC.swift in Sources */ = {isa = PBXBuildFile; fileRef = 9A62C8C52438CE1C00746F07 /* SearchVC.swift */; };
		9A62C8C82438CE4E00746F07 /* FavoritesListVC.swift in Sources */ = {isa = PBXBuildFile; fileRef = 9A62C8C72438CE4E00746F07 /* FavoritesListVC.swift */; };
		9ABD3CE224491C8E00F94BCE /* FollowerCell.swift in Sources */ = {isa = PBXBuildFile; fileRef = 9ABD3CE124491C8E00F94BCE /* FollowerCell.swift */; };
		9ABD3CE424491CF100F94BCE /* GFAvatarImageView.swift in Sources */ = {isa = PBXBuildFile; fileRef = 9ABD3CE324491CF100F94BCE /* GFAvatarImageView.swift */; };
/* End PBXBuildFile section */

/* Begin PBXFileReference section */
		9A1701D6243BF13600ECC036 /* GFButton.swift */ = {isa = PBXFileReference; lastKnownFileType = sourcecode.swift; path = GFButton.swift; sourceTree = "<group>"; };
		9A1701D8243BF34500ECC036 /* GFTextField.swift */ = {isa = PBXFileReference; lastKnownFileType = sourcecode.swift; path = GFTextField.swift; sourceTree = "<group>"; };
		9A19EDD4244DEDDB00DA7DC1 /* UserInfoVC.swift */ = {isa = PBXFileReference; lastKnownFileType = sourcecode.swift; path = UserInfoVC.swift; sourceTree = "<group>"; };
		9A19EDD6244E056C00DA7DC1 /* GFUserInfoHeaderVC.swift */ = {isa = PBXFileReference; lastKnownFileType = sourcecode.swift; path = GFUserInfoHeaderVC.swift; sourceTree = "<group>"; };
		9A19EDD8244E05B000DA7DC1 /* GFSecondaryTitleLabel.swift */ = {isa = PBXFileReference; lastKnownFileType = sourcecode.swift; path = GFSecondaryTitleLabel.swift; sourceTree = "<group>"; };
		9A19EDDA244E0A8F00DA7DC1 /* Constants.swift */ = {isa = PBXFileReference; lastKnownFileType = sourcecode.swift; path = Constants.swift; sourceTree = "<group>"; };
		9A19EDDC244E114800DA7DC1 /* GFItemInfoView.swift */ = {isa = PBXFileReference; lastKnownFileType = sourcecode.swift; path = GFItemInfoView.swift; sourceTree = "<group>"; };
		9A19EDDE244E14FF00DA7DC1 /* GFItemInfoVC.swift */ = {isa = PBXFileReference; lastKnownFileType = sourcecode.swift; path = GFItemInfoVC.swift; sourceTree = "<group>"; };
		9A19EDE0244E16FC00DA7DC1 /* GFRepoItemVC.swift */ = {isa = PBXFileReference; lastKnownFileType = sourcecode.swift; path = GFRepoItemVC.swift; sourceTree = "<group>"; };
		9A19EDE2244E184500DA7DC1 /* GFFollowerItemVC.swift */ = {isa = PBXFileReference; lastKnownFileType = sourcecode.swift; path = GFFollowerItemVC.swift; sourceTree = "<group>"; };
		9A19EDE5244E19EF00DA7DC1 /* Date+Ext.swift */ = {isa = PBXFileReference; lastKnownFileType = sourcecode.swift; path = "Date+Ext.swift"; sourceTree = "<group>"; };
		9A19EDE7244E1A0700DA7DC1 /* String+Ext.swift */ = {isa = PBXFileReference; lastKnownFileType = sourcecode.swift; path = "String+Ext.swift"; sourceTree = "<group>"; };
		9A19EDE9244E2B0100DA7DC1 /* PersistenceManager.swift */ = {isa = PBXFileReference; lastKnownFileType = sourcecode.swift; path = PersistenceManager.swift; sourceTree = "<group>"; };
		9A19EDEB244E31B300DA7DC1 /* FavoriteCell.swift */ = {isa = PBXFileReference; lastKnownFileType = sourcecode.swift; path = FavoriteCell.swift; sourceTree = "<group>"; };
		9A39996B2441F22600B6C685 /* FollowerListVC.swift */ = {isa = PBXFileReference; lastKnownFileType = sourcecode.swift; path = FollowerListVC.swift; sourceTree = "<group>"; };
		9A39996D2441F57800B6C685 /* GFTitleLabel.swift */ = {isa = PBXFileReference; lastKnownFileType = sourcecode.swift; path = GFTitleLabel.swift; sourceTree = "<group>"; };
		9A39996F2441F65800B6C685 /* GFBodyLabel.swift */ = {isa = PBXFileReference; lastKnownFileType = sourcecode.swift; path = GFBodyLabel.swift; sourceTree = "<group>"; };
		9A3999712441F79A00B6C685 /* GFAlertVC.swift */ = {isa = PBXFileReference; lastKnownFileType = sourcecode.swift; path = GFAlertVC.swift; sourceTree = "<group>"; };
		9A3999732441FD7800B6C685 /* UIViewController+Ext.swift */ = {isa = PBXFileReference; lastKnownFileType = sourcecode.swift; path = "UIViewController+Ext.swift"; sourceTree = "<group>"; };
		9A39998124435FA900B6C685 /* Follower.swift */ = {isa = PBXFileReference; lastKnownFileType = sourcecode.swift; path = Follower.swift; sourceTree = "<group>"; };
		9A3999832443602100B6C685 /* User.swift */ = {isa = PBXFileReference; lastKnownFileType = sourcecode.swift; path = User.swift; sourceTree = "<group>"; };
		9A3999D42445195300B6C685 /* NetworkManager.swift */ = {isa = PBXFileReference; lastKnownFileType = sourcecode.swift; path = NetworkManager.swift; sourceTree = "<group>"; };
		9A399A232446719400B6C685 /* GFError.swift */ = {isa = PBXFileReference; lastKnownFileType = sourcecode.swift; path = GFError.swift; sourceTree = "<group>"; };
		9A42282D24492BF400B9214E /* UIHelper.swift */ = {isa = PBXFileReference; lastKnownFileType = sourcecode.swift; path = UIHelper.swift; sourceTree = "<group>"; };
		9A422835244939F700B9214E /* GFEmptyStateView.swift */ = {isa = PBXFileReference; lastKnownFileType = sourcecode.swift; path = GFEmptyStateView.swift; sourceTree = "<group>"; };
		9A62C8AE2438C9BB00746F07 /* GHFollowers.app */ = {isa = PBXFileReference; explicitFileType = wrapper.application; includeInIndex = 0; path = GHFollowers.app; sourceTree = BUILT_PRODUCTS_DIR; };
		9A62C8B12438C9BB00746F07 /* AppDelegate.swift */ = {isa = PBXFileReference; lastKnownFileType = sourcecode.swift; path = AppDelegate.swift; sourceTree = "<group>"; };
		9A62C8B32438C9BB00746F07 /* SceneDelegate.swift */ = {isa = PBXFileReference; lastKnownFileType = sourcecode.swift; path = SceneDelegate.swift; sourceTree = "<group>"; };
		9A62C8BA2438C9C400746F07 /* Assets.xcassets */ = {isa = PBXFileReference; lastKnownFileType = folder.assetcatalog; path = Assets.xcassets; sourceTree = "<group>"; };
		9A62C8BD2438C9C400746F07 /* Base */ = {isa = PBXFileReference; lastKnownFileType = file.storyboard; name = Base; path = Base.lproj/LaunchScreen.storyboard; sourceTree = "<group>"; };
		9A62C8BF2438C9C400746F07 /* Info.plist */ = {isa = PBXFileReference; lastKnownFileType = text.plist.xml; path = Info.plist; sourceTree = "<group>"; };
		9A62C8C52438CE1C00746F07 /* SearchVC.swift */ = {isa = PBXFileReference; lastKnownFileType = sourcecode.swift; path = SearchVC.swift; sourceTree = "<group>"; };
		9A62C8C72438CE4E00746F07 /* FavoritesListVC.swift */ = {isa = PBXFileReference; lastKnownFileType = sourcecode.swift; path = FavoritesListVC.swift; sourceTree = "<group>"; };
		9ABD3CE124491C8E00F94BCE /* FollowerCell.swift */ = {isa = PBXFileReference; lastKnownFileType = sourcecode.swift; path = FollowerCell.swift; sourceTree = "<group>"; };
		9ABD3CE324491CF100F94BCE /* GFAvatarImageView.swift */ = {isa = PBXFileReference; lastKnownFileType = sourcecode.swift; path = GFAvatarImageView.swift; sourceTree = "<group>"; };
/* End PBXFileReference section */

/* Begin PBXFrameworksBuildPhase section */
		9A62C8AB2438C9BB00746F07 /* Frameworks */ = {
			isa = PBXFrameworksBuildPhase;
			buildActionMask = 2147483647;
			files = (
			);
			runOnlyForDeploymentPostprocessing = 0;
		};
/* End PBXFrameworksBuildPhase section */

/* Begin PBXGroup section */
		9A19EDE4244E188C00DA7DC1 /* ItemInfoVCs */ = {
			isa = PBXGroup;
			children = (
				9A19EDDE244E14FF00DA7DC1 /* GFItemInfoVC.swift */,
				9A19EDE0244E16FC00DA7DC1 /* GFRepoItemVC.swift */,
				9A19EDE2244E184500DA7DC1 /* GFFollowerItemVC.swift */,
			);
			path = ItemInfoVCs;
			sourceTree = "<group>";
		};
		9A3999752441FF3F00B6C685 /* Screens */ = {
			isa = PBXGroup;
			children = (
				9A62C8C52438CE1C00746F07 /* SearchVC.swift */,
				9A62C8C72438CE4E00746F07 /* FavoritesListVC.swift */,
				9A39996B2441F22600B6C685 /* FollowerListVC.swift */,
				9A19EDD4244DEDDB00DA7DC1 /* UserInfoVC.swift */,
			);
			path = Screens;
			sourceTree = "<group>";
		};
		9A3999762441FF5A00B6C685 /* Custom Views */ = {
			isa = PBXGroup;
			children = (
				9A4228342449399100B9214E /* Labels */,
				9A4228332449396E00B9214E /* ViewControllers */,
				9A4228322449396800B9214E /* ImageViews */,
				9A4228312449395B00B9214E /* TextFields */,
				9A4228302449395100B9214E /* Buttons */,
				9A42282F2449394800B9214E /* Views */,
				9ABD3CE02449191800F94BCE /* Cells */,
			);
			path = "Custom Views";
			sourceTree = "<group>";
		};
		9A3999772441FF8300B6C685 /* Extensions */ = {
			isa = PBXGroup;
			children = (
				9A3999732441FD7800B6C685 /* UIViewController+Ext.swift */,
				9A19EDE5244E19EF00DA7DC1 /* Date+Ext.swift */,
				9A19EDE7244E1A0700DA7DC1 /* String+Ext.swift */,
			);
			path = Extensions;
			sourceTree = "<group>";
		};
		9A3999782441FFFD00B6C685 /* Support */ = {
			isa = PBXGroup;
			children = (
				9A62C8B12438C9BB00746F07 /* AppDelegate.swift */,
				9A62C8B32438C9BB00746F07 /* SceneDelegate.swift */,
				9A62C8BA2438C9C400746F07 /* Assets.xcassets */,
			);
			path = Support;
			sourceTree = "<group>";
		};
		9A39998024435F9400B6C685 /* Model */ = {
			isa = PBXGroup;
			children = (
				9A39998124435FA900B6C685 /* Follower.swift */,
				9A3999832443602100B6C685 /* User.swift */,
			);
			path = Model;
			sourceTree = "<group>";
		};
		9A3999D32445194400B6C685 /* Managers */ = {
			isa = PBXGroup;
			children = (
				9A3999D42445195300B6C685 /* NetworkManager.swift */,
				9A19EDE9244E2B0100DA7DC1 /* PersistenceManager.swift */,
			);
			path = Managers;
			sourceTree = "<group>";
		};
		9A399A222446718100B6C685 /* Utilities */ = {
			isa = PBXGroup;
			children = (
				9A399A232446719400B6C685 /* GFError.swift */,
				9A42282D24492BF400B9214E /* UIHelper.swift */,
				9A19EDDA244E0A8F00DA7DC1 /* Constants.swift */,
			);
			path = Utilities;
			sourceTree = "<group>";
		};
		9A42282F2449394800B9214E /* Views */ = {
			isa = PBXGroup;
			children = (
				9A422835244939F700B9214E /* GFEmptyStateView.swift */,
				9A19EDDC244E114800DA7DC1 /* GFItemInfoView.swift */,
			);
			path = Views;
			sourceTree = "<group>";
		};
		9A4228302449395100B9214E /* Buttons */ = {
			isa = PBXGroup;
			children = (
				9A1701D6243BF13600ECC036 /* GFButton.swift */,
			);
			path = Buttons;
			sourceTree = "<group>";
		};
		9A4228312449395B00B9214E /* TextFields */ = {
			isa = PBXGroup;
			children = (
				9A1701D8243BF34500ECC036 /* GFTextField.swift */,
			);
			path = TextFields;
			sourceTree = "<group>";
		};
		9A4228322449396800B9214E /* ImageViews */ = {
			isa = PBXGroup;
			children = (
				9ABD3CE324491CF100F94BCE /* GFAvatarImageView.swift */,
			);
			path = ImageViews;
			sourceTree = "<group>";
		};
		9A4228332449396E00B9214E /* ViewControllers */ = {
			isa = PBXGroup;
			children = (
				9A19EDE4244E188C00DA7DC1 /* ItemInfoVCs */,
				9A3999712441F79A00B6C685 /* GFAlertVC.swift */,
				9A19EDD6244E056C00DA7DC1 /* GFUserInfoHeaderVC.swift */,
			);
			path = ViewControllers;
			sourceTree = "<group>";
		};
		9A4228342449399100B9214E /* Labels */ = {
			isa = PBXGroup;
			children = (
				9A39996D2441F57800B6C685 /* GFTitleLabel.swift */,
				9A39996F2441F65800B6C685 /* GFBodyLabel.swift */,
				9A19EDD8244E05B000DA7DC1 /* GFSecondaryTitleLabel.swift */,
			);
			path = Labels;
			sourceTree = "<group>";
		};
		9A62C8A52438C9BB00746F07 = {
			isa = PBXGroup;
			children = (
				9A62C8B02438C9BB00746F07 /* GHFollowers */,
				9A62C8AF2438C9BB00746F07 /* Products */,
			);
			sourceTree = "<group>";
		};
		9A62C8AF2438C9BB00746F07 /* Products */ = {
			isa = PBXGroup;
			children = (
				9A62C8AE2438C9BB00746F07 /* GHFollowers.app */,
			);
			name = Products;
			sourceTree = "<group>";
		};
		9A62C8B02438C9BB00746F07 /* GHFollowers */ = {
			isa = PBXGroup;
			children = (
				9A399A222446718100B6C685 /* Utilities */,
				9A3999D32445194400B6C685 /* Managers */,
				9A39998024435F9400B6C685 /* Model */,
				9A3999782441FFFD00B6C685 /* Support */,
				9A3999772441FF8300B6C685 /* Extensions */,
				9A3999762441FF5A00B6C685 /* Custom Views */,
				9A3999752441FF3F00B6C685 /* Screens */,
				9A62C8BF2438C9C400746F07 /* Info.plist */,
				9A62C8BC2438C9C400746F07 /* LaunchScreen.storyboard */,
			);
			path = GHFollowers;
			sourceTree = "<group>";
		};
		9ABD3CE02449191800F94BCE /* Cells */ = {
			isa = PBXGroup;
			children = (
				9ABD3CE124491C8E00F94BCE /* FollowerCell.swift */,
				9A19EDEB244E31B300DA7DC1 /* FavoriteCell.swift */,
			);
			path = Cells;
			sourceTree = "<group>";
		};
/* End PBXGroup section */

/* Begin PBXNativeTarget section */
		9A62C8AD2438C9BB00746F07 /* GHFollowers */ = {
			isa = PBXNativeTarget;
			buildConfigurationList = 9A62C8C22438C9C400746F07 /* Build configuration list for PBXNativeTarget "GHFollowers" */;
			buildPhases = (
				9A62C8AA2438C9BB00746F07 /* Sources */,
				9A62C8AB2438C9BB00746F07 /* Frameworks */,
				9A62C8AC2438C9BB00746F07 /* Resources */,
			);
			buildRules = (
			);
			dependencies = (
			);
			name = GHFollowers;
			productName = GHFollowers;
			productReference = 9A62C8AE2438C9BB00746F07 /* GHFollowers.app */;
			productType = "com.apple.product-type.application";
		};
/* End PBXNativeTarget section */

/* Begin PBXProject section */
		9A62C8A62438C9BB00746F07 /* Project object */ = {
			isa = PBXProject;
			attributes = {
				LastSwiftUpdateCheck = 1140;
				LastUpgradeCheck = 1140;
				ORGANIZATIONNAME = "Ian McDonald";
				TargetAttributes = {
					9A62C8AD2438C9BB00746F07 = {
						CreatedOnToolsVersion = 11.4;
					};
				};
			};
			buildConfigurationList = 9A62C8A92438C9BB00746F07 /* Build configuration list for PBXProject "GHFollowers" */;
			compatibilityVersion = "Xcode 9.3";
			developmentRegion = en;
			hasScannedForEncodings = 0;
			knownRegions = (
				en,
				Base,
			);
			mainGroup = 9A62C8A52438C9BB00746F07;
			productRefGroup = 9A62C8AF2438C9BB00746F07 /* Products */;
			projectDirPath = "";
			projectRoot = "";
			targets = (
				9A62C8AD2438C9BB00746F07 /* GHFollowers */,
			);
		};
/* End PBXProject section */

/* Begin PBXResourcesBuildPhase section */
		9A62C8AC2438C9BB00746F07 /* Resources */ = {
			isa = PBXResourcesBuildPhase;
			buildActionMask = 2147483647;
			files = (
				9A62C8BE2438C9C400746F07 /* LaunchScreen.storyboard in Resources */,
				9A62C8BB2438C9C400746F07 /* Assets.xcassets in Resources */,
			);
			runOnlyForDeploymentPostprocessing = 0;
		};
/* End PBXResourcesBuildPhase section */

/* Begin PBXSourcesBuildPhase section */
		9A62C8AA2438C9BB00746F07 /* Sources */ = {
			isa = PBXSourcesBuildPhase;
			buildActionMask = 2147483647;
			files = (
				9A3999842443602100B6C685 /* User.swift in Sources */,
				9A1701D9243BF34500ECC036 /* GFTextField.swift in Sources */,
				9A62C8C82438CE4E00746F07 /* FavoritesListVC.swift in Sources */,
				9A19EDE8244E1A0700DA7DC1 /* String+Ext.swift in Sources */,
				9A1701D7243BF13600ECC036 /* GFButton.swift in Sources */,
				9A3999742441FD7800B6C685 /* UIViewController+Ext.swift in Sources */,
				9A42282E24492BF400B9214E /* UIHelper.swift in Sources */,
				9A19EDDF244E14FF00DA7DC1 /* GFItemInfoVC.swift in Sources */,
				9A19EDDB244E0A8F00DA7DC1 /* Constants.swift in Sources */,
				9ABD3CE424491CF100F94BCE /* GFAvatarImageView.swift in Sources */,
				9A62C8C62438CE1C00746F07 /* SearchVC.swift in Sources */,
				9A3999722441F79A00B6C685 /* GFAlertVC.swift in Sources */,
				9A19EDE3244E184500DA7DC1 /* GFFollowerItemVC.swift in Sources */,
				9A19EDDD244E114800DA7DC1 /* GFItemInfoView.swift in Sources */,
				9A19EDEC244E31B300DA7DC1 /* FavoriteCell.swift in Sources */,
				9A399A242446719400B6C685 /* GFError.swift in Sources */,
				9A422836244939F700B9214E /* GFEmptyStateView.swift in Sources */,
				9A3999702441F65800B6C685 /* GFBodyLabel.swift in Sources */,
				9A39998224435FA900B6C685 /* Follower.swift in Sources */,
				9A39996E2441F57800B6C685 /* GFTitleLabel.swift in Sources */,
				9ABD3CE224491C8E00F94BCE /* FollowerCell.swift in Sources */,
				9A19EDE6244E19EF00DA7DC1 /* Date+Ext.swift in Sources */,
				9A19EDEA244E2B0100DA7DC1 /* PersistenceManager.swift in Sources */,
				9A19EDD9244E05B000DA7DC1 /* GFSecondaryTitleLabel.swift in Sources */,
				9A3999D52445195300B6C685 /* NetworkManager.swift in Sources */,
				9A19EDD7244E056C00DA7DC1 /* GFUserInfoHeaderVC.swift in Sources */,
				9A39996C2441F22600B6C685 /* FollowerListVC.swift in Sources */,
				9A62C8B22438C9BB00746F07 /* AppDelegate.swift in Sources */,
				9A62C8B42438C9BB00746F07 /* SceneDelegate.swift in Sources */,
				9A19EDE1244E16FC00DA7DC1 /* GFRepoItemVC.swift in Sources */,
				9A19EDD5244DEDDB00DA7DC1 /* UserInfoVC.swift in Sources */,
			);
			runOnlyForDeploymentPostprocessing = 0;
		};
/* End PBXSourcesBuildPhase section */

/* Begin PBXVariantGroup section */
		9A62C8BC2438C9C400746F07 /* LaunchScreen.storyboard */ = {
			isa = PBXVariantGroup;
			children = (
				9A62C8BD2438C9C400746F07 /* Base */,
			);
			name = LaunchScreen.storyboard;
			sourceTree = "<group>";
		};
/* End PBXVariantGroup section */

/* Begin XCBuildConfiguration section */
		9A62C8C02438C9C400746F07 /* Debug */ = {
			isa = XCBuildConfiguration;
			buildSettings = {
				ALWAYS_SEARCH_USER_PATHS = NO;
				CLANG_ANALYZER_NONNULL = YES;
				CLANG_ANALYZER_NUMBER_OBJECT_CONVERSION = YES_AGGRESSIVE;
				CLANG_CXX_LANGUAGE_STANDARD = "gnu++14";
				CLANG_CXX_LIBRARY = "libc++";
				CLANG_ENABLE_MODULES = YES;
				CLANG_ENABLE_OBJC_ARC = YES;
				CLANG_ENABLE_OBJC_WEAK = YES;
				CLANG_WARN_BLOCK_CAPTURE_AUTORELEASING = YES;
				CLANG_WARN_BOOL_CONVERSION = YES;
				CLANG_WARN_COMMA = YES;
				CLANG_WARN_CONSTANT_CONVERSION = YES;
				CLANG_WARN_DEPRECATED_OBJC_IMPLEMENTATIONS = YES;
				CLANG_WARN_DIRECT_OBJC_ISA_USAGE = YES_ERROR;
				CLANG_WARN_DOCUMENTATION_COMMENTS = YES;
				CLANG_WARN_EMPTY_BODY = YES;
				CLANG_WARN_ENUM_CONVERSION = YES;
				CLANG_WARN_INFINITE_RECURSION = YES;
				CLANG_WARN_INT_CONVERSION = YES;
				CLANG_WARN_NON_LITERAL_NULL_CONVERSION = YES;
				CLANG_WARN_OBJC_IMPLICIT_RETAIN_SELF = YES;
				CLANG_WARN_OBJC_LITERAL_CONVERSION = YES;
				CLANG_WARN_OBJC_ROOT_CLASS = YES_ERROR;
				CLANG_WARN_RANGE_LOOP_ANALYSIS = YES;
				CLANG_WARN_STRICT_PROTOTYPES = YES;
				CLANG_WARN_SUSPICIOUS_MOVE = YES;
				CLANG_WARN_UNGUARDED_AVAILABILITY = YES_AGGRESSIVE;
				CLANG_WARN_UNREACHABLE_CODE = YES;
				CLANG_WARN__DUPLICATE_METHOD_MATCH = YES;
				COPY_PHASE_STRIP = NO;
				DEBUG_INFORMATION_FORMAT = dwarf;
				ENABLE_STRICT_OBJC_MSGSEND = YES;
				ENABLE_TESTABILITY = YES;
				GCC_C_LANGUAGE_STANDARD = gnu11;
				GCC_DYNAMIC_NO_PIC = NO;
				GCC_NO_COMMON_BLOCKS = YES;
				GCC_OPTIMIZATION_LEVEL = 0;
				GCC_PREPROCESSOR_DEFINITIONS = (
					"DEBUG=1",
					"$(inherited)",
				);
				GCC_WARN_64_TO_32_BIT_CONVERSION = YES;
				GCC_WARN_ABOUT_RETURN_TYPE = YES_ERROR;
				GCC_WARN_UNDECLARED_SELECTOR = YES;
				GCC_WARN_UNINITIALIZED_AUTOS = YES_AGGRESSIVE;
				GCC_WARN_UNUSED_FUNCTION = YES;
				GCC_WARN_UNUSED_VARIABLE = YES;
				IPHONEOS_DEPLOYMENT_TARGET = 13.4;
				MTL_ENABLE_DEBUG_INFO = INCLUDE_SOURCE;
				MTL_FAST_MATH = YES;
				ONLY_ACTIVE_ARCH = YES;
				SDKROOT = iphoneos;
				SWIFT_ACTIVE_COMPILATION_CONDITIONS = DEBUG;
				SWIFT_OPTIMIZATION_LEVEL = "-Onone";
			};
			name = Debug;
		};
		9A62C8C12438C9C400746F07 /* Release */ = {
			isa = XCBuildConfiguration;
			buildSettings = {
				ALWAYS_SEARCH_USER_PATHS = NO;
				CLANG_ANALYZER_NONNULL = YES;
				CLANG_ANALYZER_NUMBER_OBJECT_CONVERSION = YES_AGGRESSIVE;
				CLANG_CXX_LANGUAGE_STANDARD = "gnu++14";
				CLANG_CXX_LIBRARY = "libc++";
				CLANG_ENABLE_MODULES = YES;
				CLANG_ENABLE_OBJC_ARC = YES;
				CLANG_ENABLE_OBJC_WEAK = YES;
				CLANG_WARN_BLOCK_CAPTURE_AUTORELEASING = YES;
				CLANG_WARN_BOOL_CONVERSION = YES;
				CLANG_WARN_COMMA = YES;
				CLANG_WARN_CONSTANT_CONVERSION = YES;
				CLANG_WARN_DEPRECATED_OBJC_IMPLEMENTATIONS = YES;
				CLANG_WARN_DIRECT_OBJC_ISA_USAGE = YES_ERROR;
				CLANG_WARN_DOCUMENTATION_COMMENTS = YES;
				CLANG_WARN_EMPTY_BODY = YES;
				CLANG_WARN_ENUM_CONVERSION = YES;
				CLANG_WARN_INFINITE_RECURSION = YES;
				CLANG_WARN_INT_CONVERSION = YES;
				CLANG_WARN_NON_LITERAL_NULL_CONVERSION = YES;
				CLANG_WARN_OBJC_IMPLICIT_RETAIN_SELF = YES;
				CLANG_WARN_OBJC_LITERAL_CONVERSION = YES;
				CLANG_WARN_OBJC_ROOT_CLASS = YES_ERROR;
				CLANG_WARN_RANGE_LOOP_ANALYSIS = YES;
				CLANG_WARN_STRICT_PROTOTYPES = YES;
				CLANG_WARN_SUSPICIOUS_MOVE = YES;
				CLANG_WARN_UNGUARDED_AVAILABILITY = YES_AGGRESSIVE;
				CLANG_WARN_UNREACHABLE_CODE = YES;
				CLANG_WARN__DUPLICATE_METHOD_MATCH = YES;
				COPY_PHASE_STRIP = NO;
				DEBUG_INFORMATION_FORMAT = "dwarf-with-dsym";
				ENABLE_NS_ASSERTIONS = NO;
				ENABLE_STRICT_OBJC_MSGSEND = YES;
				GCC_C_LANGUAGE_STANDARD = gnu11;
				GCC_NO_COMMON_BLOCKS = YES;
				GCC_WARN_64_TO_32_BIT_CONVERSION = YES;
				GCC_WARN_ABOUT_RETURN_TYPE = YES_ERROR;
				GCC_WARN_UNDECLARED_SELECTOR = YES;
				GCC_WARN_UNINITIALIZED_AUTOS = YES_AGGRESSIVE;
				GCC_WARN_UNUSED_FUNCTION = YES;
				GCC_WARN_UNUSED_VARIABLE = YES;
				IPHONEOS_DEPLOYMENT_TARGET = 13.4;
				MTL_ENABLE_DEBUG_INFO = NO;
				MTL_FAST_MATH = YES;
				SDKROOT = iphoneos;
				SWIFT_COMPILATION_MODE = wholemodule;
				SWIFT_OPTIMIZATION_LEVEL = "-O";
				VALIDATE_PRODUCT = YES;
			};
			name = Release;
		};
		9A62C8C32438C9C400746F07 /* Debug */ = {
			isa = XCBuildConfiguration;
			buildSettings = {
				ASSETCATALOG_COMPILER_APPICON_NAME = AppIcon;
				CODE_SIGN_STYLE = Automatic;
				DEVELOPMENT_TEAM = K54LCAPFUW;
				INFOPLIST_FILE = GHFollowers/Info.plist;
				IPHONEOS_DEPLOYMENT_TARGET = 13.0;
				LD_RUNPATH_SEARCH_PATHS = (
					"$(inherited)",
					"@executable_path/Frameworks",
				);
				PRODUCT_BUNDLE_IDENTIFIER = me.ianmcdonald.GHFollowers;
				PRODUCT_NAME = "$(TARGET_NAME)";
				SWIFT_VERSION = 5.0;
				TARGETED_DEVICE_FAMILY = 1;
			};
			name = Debug;
		};
		9A62C8C42438C9C400746F07 /* Release */ = {
			isa = XCBuildConfiguration;
			buildSettings = {
				ASSETCATALOG_COMPILER_APPICON_NAME = AppIcon;
				CODE_SIGN_STYLE = Automatic;
				DEVELOPMENT_TEAM = K54LCAPFUW;
				INFOPLIST_FILE = GHFollowers/Info.plist;
				IPHONEOS_DEPLOYMENT_TARGET = 13.0;
				LD_RUNPATH_SEARCH_PATHS = (
					"$(inherited)",
					"@executable_path/Frameworks",
				);
				PRODUCT_BUNDLE_IDENTIFIER = me.ianmcdonald.GHFollowers;
				PRODUCT_NAME = "$(TARGET_NAME)";
				SWIFT_VERSION = 5.0;
				TARGETED_DEVICE_FAMILY = 1;
			};
			name = Release;
		};
/* End XCBuildConfiguration section */

/* Begin XCConfigurationList section */
		9A62C8A92438C9BB00746F07 /* Build configuration list for PBXProject "GHFollowers" */ = {
			isa = XCConfigurationList;
			buildConfigurations = (
				9A62C8C02438C9C400746F07 /* Debug */,
				9A62C8C12438C9C400746F07 /* Release */,
			);
			defaultConfigurationIsVisible = 0;
			defaultConfigurationName = Release;
		};
		9A62C8C22438C9C400746F07 /* Build configuration list for PBXNativeTarget "GHFollowers" */ = {
			isa = XCConfigurationList;
			buildConfigurations = (
				9A62C8C32438C9C400746F07 /* Debug */,
				9A62C8C42438C9C400746F07 /* Release */,
			);
			defaultConfigurationIsVisible = 0;
			defaultConfigurationName = Release;
		};
/* End XCConfigurationList section */
	};
	rootObject = 9A62C8A62438C9BB00746F07 /* Project object */;
}
